// !$*UTF8*$!
{
	archiveVersion = 1;
	classes = {
	};
	objectVersion = 46;
	objects = {

/* Begin PBXBuildFile section */
		F21EB69B1894467500E6C385 /* RecipeHTMLParser.m in Sources */ = {isa = PBXBuildFile; fileRef = F21EB69A1894467500E6C385 /* RecipeHTMLParser.m */; };
		F21EB69E189447E900E6C385 /* VkusnyblogParser.m in Sources */ = {isa = PBXBuildFile; fileRef = F21EB69D189447E900E6C385 /* VkusnyblogParser.m */; };
		F22066AA17DA6109004E4F72 /* FoodTypesDocument.m in Sources */ = {isa = PBXBuildFile; fileRef = F22066A917DA6109004E4F72 /* FoodTypesDocument.m */; };
		F240FDC1189440CA0082C61C /* TFHpple.m in Sources */ = {isa = PBXBuildFile; fileRef = F240FDBC189440CA0082C61C /* TFHpple.m */; };
		F240FDC2189440CA0082C61C /* TFHppleElement.m in Sources */ = {isa = PBXBuildFile; fileRef = F240FDBE189440CA0082C61C /* TFHppleElement.m */; };
		F240FDC3189440CA0082C61C /* XPathQuery.m in Sources */ = {isa = PBXBuildFile; fileRef = F240FDC0189440CA0082C61C /* XPathQuery.m */; };
		F240FDC5189441B10082C61C /* libxml2.dylib in Frameworks */ = {isa = PBXBuildFile; fileRef = F240FDC4189441B10082C61C /* libxml2.dylib */; };
		F24899B917BC1874009AACF7 /* RecipeViewController.m in Sources */ = {isa = PBXBuildFile; fileRef = F24899B817BC1874009AACF7 /* RecipeViewController.m */; };
		F24FE8F11814638800D54E96 /* Localizable.strings in Resources */ = {isa = PBXBuildFile; fileRef = F24FE8F31814638800D54E96 /* Localizable.strings */; };
		F25DF38B17C3F4BE000A27E6 /* Recipe.m in Sources */ = {isa = PBXBuildFile; fileRef = F25DF38A17C3F4BE000A27E6 /* Recipe.m */; };
		F25DF38F17C3F583000A27E6 /* Ingridient.m in Sources */ = {isa = PBXBuildFile; fileRef = F25DF38E17C3F583000A27E6 /* Ingridient.m */; };
		F265AB7B181EFF9D001B3EB8 /* StatusLabelAnimator.m in Sources */ = {isa = PBXBuildFile; fileRef = F265AB7A181EFF9D001B3EB8 /* StatusLabelAnimator.m */; };
		F27E1A821858FE8800B5C344 /* Backuper.m in Sources */ = {isa = PBXBuildFile; fileRef = F27E1A811858FE8800B5C344 /* Backuper.m */; };
		F283DD4118A6BA2C0019F877 /* Say7InfoParser.m in Sources */ = {isa = PBXBuildFile; fileRef = F283DD4018A6BA2C0019F877 /* Say7InfoParser.m */; };
		F283DD4518A766D00019F877 /* backButton.png in Resources */ = {isa = PBXBuildFile; fileRef = F283DD4318A766D00019F877 /* backButton.png */; };
		F283DD4618A766D00019F877 /* backButton@2x.png in Resources */ = {isa = PBXBuildFile; fileRef = F283DD4418A766D00019F877 /* backButton@2x.png */; };
		F283DD4B18A770380019F877 /* SimplyrecipesParser.m in Sources */ = {isa = PBXBuildFile; fileRef = F283DD4A18A770370019F877 /* SimplyrecipesParser.m */; };
		F291A8D71896FCC6003466CF /* AllRecipesParser.m in Sources */ = {isa = PBXBuildFile; fileRef = F291A8D61896FCC6003466CF /* AllRecipesParser.m */; };
		F292CC111815A69B0084276D /* Utilities.m in Sources */ = {isa = PBXBuildFile; fileRef = F292CC101815A69B0084276D /* Utilities.m */; };
		F29CBABB189581C50098BFB4 /* ImportWebViewController.m in Sources */ = {isa = PBXBuildFile; fileRef = F29CBABA189581C50098BFB4 /* ImportWebViewController.m */; };
		F2C3E79A17EE13AE001B6BEB /* RecipeBook.m in Sources */ = {isa = PBXBuildFile; fileRef = F2C3E79917EE13AE001B6BEB /* RecipeBook.m */; };
		F2C47A4817CE712900A42C4B /* FoodType.m in Sources */ = {isa = PBXBuildFile; fileRef = F2C47A4717CE712900A42C4B /* FoodType.m */; };
		F2C47A4B17CE7BDA00A42C4B /* RecipesListTableViewController.m in Sources */ = {isa = PBXBuildFile; fileRef = F2C47A4A17CE7BDA00A42C4B /* RecipesListTableViewController.m */; };
		F2C47A4E17CFD77800A42C4B /* IngridientsTableView.m in Sources */ = {isa = PBXBuildFile; fileRef = F2C47A4D17CFD77800A42C4B /* IngridientsTableView.m */; };
		F2D95D92188A6ECB0032E803 /* ActivityTableView.m in Sources */ = {isa = PBXBuildFile; fileRef = F2D95D91188A6ECB0032E803 /* ActivityTableView.m */; };
		F2EF0ED41853D975004458F5 /* CloudManager.m in Sources */ = {isa = PBXBuildFile; fileRef = F2EF0ED31853D975004458F5 /* CloudManager.m */; };
		F2FEE14817B80762007771CF /* Foundation.framework in Frameworks */ = {isa = PBXBuildFile; fileRef = F2FEE14717B80762007771CF /* Foundation.framework */; };
		F2FEE14A17B80762007771CF /* CoreGraphics.framework in Frameworks */ = {isa = PBXBuildFile; fileRef = F2FEE14917B80762007771CF /* CoreGraphics.framework */; };
		F2FEE14C17B80762007771CF /* UIKit.framework in Frameworks */ = {isa = PBXBuildFile; fileRef = F2FEE14B17B80762007771CF /* UIKit.framework */; };
		F2FEE15217B80762007771CF /* InfoPlist.strings in Resources */ = {isa = PBXBuildFile; fileRef = F2FEE15017B80762007771CF /* InfoPlist.strings */; };
		F2FEE15417B80762007771CF /* main.m in Sources */ = {isa = PBXBuildFile; fileRef = F2FEE15317B80762007771CF /* main.m */; };
		F2FEE15817B80762007771CF /* RBAppDelegate.m in Sources */ = {isa = PBXBuildFile; fileRef = F2FEE15717B80762007771CF /* RBAppDelegate.m */; };
		F2FEE15B17B80762007771CF /* Main_iPhone.storyboard in Resources */ = {isa = PBXBuildFile; fileRef = F2FEE15917B80762007771CF /* Main_iPhone.storyboard */; };
		F2FEE15E17B80762007771CF /* Main_iPad.storyboard in Resources */ = {isa = PBXBuildFile; fileRef = F2FEE15C17B80762007771CF /* Main_iPad.storyboard */; };
		F2FEE16317B80762007771CF /* Images.xcassets in Resources */ = {isa = PBXBuildFile; fileRef = F2FEE16217B80762007771CF /* Images.xcassets */; };
		F2FEE16A17B80762007771CF /* XCTest.framework in Frameworks */ = {isa = PBXBuildFile; fileRef = F2FEE16917B80762007771CF /* XCTest.framework */; };
		F2FEE16B17B80762007771CF /* Foundation.framework in Frameworks */ = {isa = PBXBuildFile; fileRef = F2FEE14717B80762007771CF /* Foundation.framework */; };
		F2FEE16C17B80762007771CF /* UIKit.framework in Frameworks */ = {isa = PBXBuildFile; fileRef = F2FEE14B17B80762007771CF /* UIKit.framework */; };
		F2FEE17417B80762007771CF /* InfoPlist.strings in Resources */ = {isa = PBXBuildFile; fileRef = F2FEE17217B80762007771CF /* InfoPlist.strings */; };
		F2FEE17617B80762007771CF /* My_Recipe_BookTests.m in Sources */ = {isa = PBXBuildFile; fileRef = F2FEE17517B80762007771CF /* My_Recipe_BookTests.m */; };
		F2FEE18517B81EF2007771CF /* FoodTypesListTableViewController.m in Sources */ = {isa = PBXBuildFile; fileRef = F2FEE18417B81EF2007771CF /* FoodTypesListTableViewController.m */; };
/* End PBXBuildFile section */

/* Begin PBXContainerItemProxy section */
		F2FEE16D17B80762007771CF /* PBXContainerItemProxy */ = {
			isa = PBXContainerItemProxy;
			containerPortal = F2FEE13C17B80762007771CF /* Project object */;
			proxyType = 1;
			remoteGlobalIDString = F2FEE14317B80762007771CF;
			remoteInfo = "My Recipe Book";
		};
/* End PBXContainerItemProxy section */

/* Begin PBXFileReference section */
		F21EB6991894467500E6C385 /* RecipeHTMLParser.h */ = {isa = PBXFileReference; fileEncoding = 4; lastKnownFileType = sourcecode.c.h; name = RecipeHTMLParser.h; path = Utilities/RecipeHTMLParser.h; sourceTree = "<group>"; };
		F21EB69A1894467500E6C385 /* RecipeHTMLParser.m */ = {isa = PBXFileReference; fileEncoding = 4; lastKnownFileType = sourcecode.c.objc; name = RecipeHTMLParser.m; path = Utilities/RecipeHTMLParser.m; sourceTree = "<group>"; };
		F21EB69C189447E900E6C385 /* VkusnyblogParser.h */ = {isa = PBXFileReference; fileEncoding = 4; lastKnownFileType = sourcecode.c.h; name = VkusnyblogParser.h; path = Utilities/VkusnyblogParser.h; sourceTree = "<group>"; };
		F21EB69D189447E900E6C385 /* VkusnyblogParser.m */ = {isa = PBXFileReference; fileEncoding = 4; lastKnownFileType = sourcecode.c.objc; name = VkusnyblogParser.m; path = Utilities/VkusnyblogParser.m; sourceTree = "<group>"; };
		F22066A817DA6109004E4F72 /* FoodTypesDocument.h */ = {isa = PBXFileReference; fileEncoding = 4; lastKnownFileType = sourcecode.c.h; name = FoodTypesDocument.h; path = Classes/FoodTypesDocument.h; sourceTree = "<group>"; };
		F22066A917DA6109004E4F72 /* FoodTypesDocument.m */ = {isa = PBXFileReference; fileEncoding = 4; lastKnownFileType = sourcecode.c.objc; name = FoodTypesDocument.m; path = Classes/FoodTypesDocument.m; sourceTree = "<group>"; };
		F240FDBB189440CA0082C61C /* TFHpple.h */ = {isa = PBXFileReference; fileEncoding = 4; lastKnownFileType = sourcecode.c.h; path = TFHpple.h; sourceTree = "<group>"; };
		F240FDBC189440CA0082C61C /* TFHpple.m */ = {isa = PBXFileReference; fileEncoding = 4; lastKnownFileType = sourcecode.c.objc; path = TFHpple.m; sourceTree = "<group>"; };
		F240FDBD189440CA0082C61C /* TFHppleElement.h */ = {isa = PBXFileReference; fileEncoding = 4; lastKnownFileType = sourcecode.c.h; path = TFHppleElement.h; sourceTree = "<group>"; };
		F240FDBE189440CA0082C61C /* TFHppleElement.m */ = {isa = PBXFileReference; fileEncoding = 4; lastKnownFileType = sourcecode.c.objc; path = TFHppleElement.m; sourceTree = "<group>"; };
		F240FDBF189440CA0082C61C /* XPathQuery.h */ = {isa = PBXFileReference; fileEncoding = 4; lastKnownFileType = sourcecode.c.h; path = XPathQuery.h; sourceTree = "<group>"; };
		F240FDC0189440CA0082C61C /* XPathQuery.m */ = {isa = PBXFileReference; fileEncoding = 4; lastKnownFileType = sourcecode.c.objc; path = XPathQuery.m; sourceTree = "<group>"; };
		F240FDC4189441B10082C61C /* libxml2.dylib */ = {isa = PBXFileReference; lastKnownFileType = "compiled.mach-o.dylib"; name = libxml2.dylib; path = usr/lib/libxml2.dylib; sourceTree = SDKROOT; };
		F240FDC6189443040082C61C /* RecipeWrapperProtocol.h */ = {isa = PBXFileReference; lastKnownFileType = sourcecode.c.h; name = RecipeWrapperProtocol.h; path = Utilities/RecipeWrapperProtocol.h; sourceTree = "<group>"; };
		F24899B317BC0CFD009AACF7 /* en */ = {isa = PBXFileReference; lastKnownFileType = text.plist.strings; name = en; path = en.lproj/Main_iPhone.strings; sourceTree = "<group>"; };
		F24899B717BC1874009AACF7 /* RecipeViewController.h */ = {isa = PBXFileReference; fileEncoding = 4; lastKnownFileType = sourcecode.c.h; name = RecipeViewController.h; path = Views/RecipeViewController.h; sourceTree = "<group>"; };
		F24899B817BC1874009AACF7 /* RecipeViewController.m */ = {isa = PBXFileReference; fileEncoding = 4; lastKnownFileType = sourcecode.c.objc; name = RecipeViewController.m; path = Views/RecipeViewController.m; sourceTree = "<group>"; };
		F24FE8E91814604500D54E96 /* ru */ = {isa = PBXFileReference; lastKnownFileType = text.plist.strings; name = ru; path = ru.lproj/InfoPlist.strings; sourceTree = "<group>"; };
		F24FE8F21814638800D54E96 /* Base */ = {isa = PBXFileReference; lastKnownFileType = text.plist.strings; name = Base; path = Base.lproj/Localizable.strings; sourceTree = "<group>"; };
		F24FE8F41814638C00D54E96 /* ru */ = {isa = PBXFileReference; lastKnownFileType = text.plist.strings; name = ru; path = ru.lproj/Localizable.strings; sourceTree = "<group>"; };
		F25DF38917C3F4BE000A27E6 /* Recipe.h */ = {isa = PBXFileReference; fileEncoding = 4; lastKnownFileType = sourcecode.c.h; name = Recipe.h; path = Classes/Recipe.h; sourceTree = "<group>"; };
		F25DF38A17C3F4BE000A27E6 /* Recipe.m */ = {isa = PBXFileReference; fileEncoding = 4; lastKnownFileType = sourcecode.c.objc; name = Recipe.m; path = Classes/Recipe.m; sourceTree = "<group>"; };
		F25DF38D17C3F583000A27E6 /* Ingridient.h */ = {isa = PBXFileReference; fileEncoding = 4; lastKnownFileType = sourcecode.c.h; name = Ingridient.h; path = Classes/Ingridient.h; sourceTree = "<group>"; };
		F25DF38E17C3F583000A27E6 /* Ingridient.m */ = {isa = PBXFileReference; fileEncoding = 4; lastKnownFileType = sourcecode.c.objc; name = Ingridient.m; path = Classes/Ingridient.m; sourceTree = "<group>"; };
		F26524FC18144B4E00F6F744 /* ru */ = {isa = PBXFileReference; lastKnownFileType = text.plist.strings; name = ru; path = ru.lproj/Main_iPhone.strings; sourceTree = "<group>"; };
		F26524FD18144B4E00F6F744 /* ru */ = {isa = PBXFileReference; lastKnownFileType = text.plist.strings; name = ru; path = ru.lproj/Main_iPad.strings; sourceTree = "<group>"; };
		F265AB79181EFF9D001B3EB8 /* StatusLabelAnimator.h */ = {isa = PBXFileReference; fileEncoding = 4; lastKnownFileType = sourcecode.c.h; name = StatusLabelAnimator.h; path = Utilities/StatusLabelAnimator.h; sourceTree = "<group>"; };
		F265AB7A181EFF9D001B3EB8 /* StatusLabelAnimator.m */ = {isa = PBXFileReference; fileEncoding = 4; lastKnownFileType = sourcecode.c.objc; name = StatusLabelAnimator.m; path = Utilities/StatusLabelAnimator.m; sourceTree = "<group>"; };
		F27E1A801858FE8800B5C344 /* Backuper.h */ = {isa = PBXFileReference; fileEncoding = 4; lastKnownFileType = sourcecode.c.h; name = Backuper.h; path = Classes/Backuper.h; sourceTree = "<group>"; };
		F27E1A811858FE8800B5C344 /* Backuper.m */ = {isa = PBXFileReference; fileEncoding = 4; lastKnownFileType = sourcecode.c.objc; name = Backuper.m; path = Classes/Backuper.m; sourceTree = "<group>"; };
		F283DD3F18A6BA2B0019F877 /* Say7InfoParser.h */ = {isa = PBXFileReference; fileEncoding = 4; lastKnownFileType = sourcecode.c.h; name = Say7InfoParser.h; path = Utilities/RecipeImporters/Say7InfoParser.h; sourceTree = "<group>"; };
		F283DD4018A6BA2C0019F877 /* Say7InfoParser.m */ = {isa = PBXFileReference; fileEncoding = 4; lastKnownFileType = sourcecode.c.objc; name = Say7InfoParser.m; path = Utilities/RecipeImporters/Say7InfoParser.m; sourceTree = "<group>"; };
		F283DD4318A766D00019F877 /* backButton.png */ = {isa = PBXFileReference; lastKnownFileType = image.png; name = backButton.png; path = Resources/backButton.png; sourceTree = "<group>"; };
		F283DD4418A766D00019F877 /* backButton@2x.png */ = {isa = PBXFileReference; lastKnownFileType = image.png; name = "backButton@2x.png"; path = "Resources/backButton@2x.png"; sourceTree = "<group>"; };
		F283DD4918A770370019F877 /* SimplyrecipesParser.h */ = {isa = PBXFileReference; fileEncoding = 4; lastKnownFileType = sourcecode.c.h; name = SimplyrecipesParser.h; path = Utilities/RecipeImporters/SimplyrecipesParser.h; sourceTree = "<group>"; };
		F283DD4A18A770370019F877 /* SimplyrecipesParser.m */ = {isa = PBXFileReference; fileEncoding = 4; lastKnownFileType = sourcecode.c.objc; name = SimplyrecipesParser.m; path = Utilities/RecipeImporters/SimplyrecipesParser.m; sourceTree = "<group>"; };
		F291A8D51896FCC6003466CF /* AllRecipesParser.h */ = {isa = PBXFileReference; fileEncoding = 4; lastKnownFileType = sourcecode.c.h; name = AllRecipesParser.h; path = Utilities/AllRecipesParser.h; sourceTree = "<group>"; };
		F291A8D61896FCC6003466CF /* AllRecipesParser.m */ = {isa = PBXFileReference; fileEncoding = 4; lastKnownFileType = sourcecode.c.objc; name = AllRecipesParser.m; path = Utilities/AllRecipesParser.m; sourceTree = "<group>"; };
		F292CC0F1815A69B0084276D /* Utilities.h */ = {isa = PBXFileReference; fileEncoding = 4; lastKnownFileType = sourcecode.c.h; name = Utilities.h; path = Classes/Utilities.h; sourceTree = "<group>"; };
		F292CC101815A69B0084276D /* Utilities.m */ = {isa = PBXFileReference; fileEncoding = 4; lastKnownFileType = sourcecode.c.objc; name = Utilities.m; path = Classes/Utilities.m; sourceTree = "<group>"; };
		F29CBAB9189581C50098BFB4 /* ImportWebViewController.h */ = {isa = PBXFileReference; fileEncoding = 4; lastKnownFileType = sourcecode.c.h; name = ImportWebViewController.h; path = Views/ImportWebViewController.h; sourceTree = "<group>"; };
		F29CBABA189581C50098BFB4 /* ImportWebViewController.m */ = {isa = PBXFileReference; fileEncoding = 4; lastKnownFileType = sourcecode.c.objc; name = ImportWebViewController.m; path = Views/ImportWebViewController.m; sourceTree = "<group>"; };
		F2C3E79817EE13AE001B6BEB /* RecipeBook.h */ = {isa = PBXFileReference; fileEncoding = 4; lastKnownFileType = sourcecode.c.h; name = RecipeBook.h; path = Classes/RecipeBook.h; sourceTree = "<group>"; };
		F2C3E79917EE13AE001B6BEB /* RecipeBook.m */ = {isa = PBXFileReference; fileEncoding = 4; lastKnownFileType = sourcecode.c.objc; name = RecipeBook.m; path = Classes/RecipeBook.m; sourceTree = "<group>"; };
		F2C47A4617CE712900A42C4B /* FoodType.h */ = {isa = PBXFileReference; fileEncoding = 4; lastKnownFileType = sourcecode.c.h; name = FoodType.h; path = Classes/FoodType.h; sourceTree = "<group>"; };
		F2C47A4717CE712900A42C4B /* FoodType.m */ = {isa = PBXFileReference; fileEncoding = 4; lastKnownFileType = sourcecode.c.objc; name = FoodType.m; path = Classes/FoodType.m; sourceTree = "<group>"; };
		F2C47A4917CE7BDA00A42C4B /* RecipesListTableViewController.h */ = {isa = PBXFileReference; fileEncoding = 4; lastKnownFileType = sourcecode.c.h; name = RecipesListTableViewController.h; path = Views/RecipesListTableViewController.h; sourceTree = "<group>"; };
		F2C47A4A17CE7BDA00A42C4B /* RecipesListTableViewController.m */ = {isa = PBXFileReference; fileEncoding = 4; lastKnownFileType = sourcecode.c.objc; name = RecipesListTableViewController.m; path = Views/RecipesListTableViewController.m; sourceTree = "<group>"; };
		F2C47A4C17CFD77800A42C4B /* IngridientsTableView.h */ = {isa = PBXFileReference; fileEncoding = 4; lastKnownFileType = sourcecode.c.h; name = IngridientsTableView.h; path = Views/IngridientsTableView.h; sourceTree = "<group>"; };
		F2C47A4D17CFD77800A42C4B /* IngridientsTableView.m */ = {isa = PBXFileReference; fileEncoding = 4; lastKnownFileType = sourcecode.c.objc; name = IngridientsTableView.m; path = Views/IngridientsTableView.m; sourceTree = "<group>"; };
		F2D95D90188A6ECB0032E803 /* ActivityTableView.h */ = {isa = PBXFileReference; fileEncoding = 4; lastKnownFileType = sourcecode.c.h; name = ActivityTableView.h; path = Views/ActivityTableView.h; sourceTree = "<group>"; };
		F2D95D91188A6ECB0032E803 /* ActivityTableView.m */ = {isa = PBXFileReference; fileEncoding = 4; lastKnownFileType = sourcecode.c.objc; name = ActivityTableView.m; path = Views/ActivityTableView.m; sourceTree = "<group>"; };
		F2EF0ED11853217F004458F5 /* Book for Cook.entitlements */ = {isa = PBXFileReference; lastKnownFileType = text.xml; path = "Book for Cook.entitlements"; sourceTree = "<group>"; };
		F2EF0ED21853D975004458F5 /* CloudManager.h */ = {isa = PBXFileReference; fileEncoding = 4; lastKnownFileType = sourcecode.c.h; name = CloudManager.h; path = Classes/CloudManager.h; sourceTree = "<group>"; };
		F2EF0ED31853D975004458F5 /* CloudManager.m */ = {isa = PBXFileReference; fileEncoding = 4; lastKnownFileType = sourcecode.c.objc; name = CloudManager.m; path = Classes/CloudManager.m; sourceTree = "<group>"; };
		F2FEE14417B80762007771CF /* Book for Cook.app */ = {isa = PBXFileReference; explicitFileType = wrapper.application; includeInIndex = 0; path = "Book for Cook.app"; sourceTree = BUILT_PRODUCTS_DIR; };
		F2FEE14717B80762007771CF /* Foundation.framework */ = {isa = PBXFileReference; lastKnownFileType = wrapper.framework; name = Foundation.framework; path = System/Library/Frameworks/Foundation.framework; sourceTree = SDKROOT; };
		F2FEE14917B80762007771CF /* CoreGraphics.framework */ = {isa = PBXFileReference; lastKnownFileType = wrapper.framework; name = CoreGraphics.framework; path = System/Library/Frameworks/CoreGraphics.framework; sourceTree = SDKROOT; };
		F2FEE14B17B80762007771CF /* UIKit.framework */ = {isa = PBXFileReference; lastKnownFileType = wrapper.framework; name = UIKit.framework; path = System/Library/Frameworks/UIKit.framework; sourceTree = SDKROOT; };
		F2FEE14F17B80762007771CF /* My Recipe Book-Info.plist */ = {isa = PBXFileReference; lastKnownFileType = text.plist.xml; path = "My Recipe Book-Info.plist"; sourceTree = "<group>"; };
		F2FEE15117B80762007771CF /* en */ = {isa = PBXFileReference; lastKnownFileType = text.plist.strings; name = en; path = en.lproj/InfoPlist.strings; sourceTree = "<group>"; };
		F2FEE15317B80762007771CF /* main.m */ = {isa = PBXFileReference; lastKnownFileType = sourcecode.c.objc; path = main.m; sourceTree = "<group>"; };
		F2FEE15517B80762007771CF /* My Recipe Book-Prefix.pch */ = {isa = PBXFileReference; lastKnownFileType = sourcecode.c.h; path = "My Recipe Book-Prefix.pch"; sourceTree = "<group>"; };
		F2FEE15617B80762007771CF /* RBAppDelegate.h */ = {isa = PBXFileReference; lastKnownFileType = sourcecode.c.h; path = RBAppDelegate.h; sourceTree = "<group>"; };
		F2FEE15717B80762007771CF /* RBAppDelegate.m */ = {isa = PBXFileReference; lastKnownFileType = sourcecode.c.objc; path = RBAppDelegate.m; sourceTree = "<group>"; };
		F2FEE15A17B80762007771CF /* Base */ = {isa = PBXFileReference; lastKnownFileType = file.storyboard; name = Base; path = Base.lproj/Main_iPhone.storyboard; sourceTree = "<group>"; };
		F2FEE15D17B80762007771CF /* Base */ = {isa = PBXFileReference; lastKnownFileType = file.storyboard; name = Base; path = Base.lproj/Main_iPad.storyboard; sourceTree = "<group>"; };
		F2FEE16217B80762007771CF /* Images.xcassets */ = {isa = PBXFileReference; lastKnownFileType = folder.assetcatalog; path = Images.xcassets; sourceTree = "<group>"; };
		F2FEE16817B80762007771CF /* My Recipe BookTests.xctest */ = {isa = PBXFileReference; explicitFileType = wrapper.cfbundle; includeInIndex = 0; path = "My Recipe BookTests.xctest"; sourceTree = BUILT_PRODUCTS_DIR; };
		F2FEE16917B80762007771CF /* XCTest.framework */ = {isa = PBXFileReference; lastKnownFileType = wrapper.framework; name = XCTest.framework; path = Library/Frameworks/XCTest.framework; sourceTree = DEVELOPER_DIR; };
		F2FEE17117B80762007771CF /* My Recipe BookTests-Info.plist */ = {isa = PBXFileReference; lastKnownFileType = text.plist.xml; path = "My Recipe BookTests-Info.plist"; sourceTree = "<group>"; };
		F2FEE17317B80762007771CF /* en */ = {isa = PBXFileReference; lastKnownFileType = text.plist.strings; name = en; path = en.lproj/InfoPlist.strings; sourceTree = "<group>"; };
		F2FEE17517B80762007771CF /* My_Recipe_BookTests.m */ = {isa = PBXFileReference; lastKnownFileType = sourcecode.c.objc; path = My_Recipe_BookTests.m; sourceTree = "<group>"; };
		F2FEE18317B81EF2007771CF /* FoodTypesListTableViewController.h */ = {isa = PBXFileReference; fileEncoding = 4; lastKnownFileType = sourcecode.c.h; name = FoodTypesListTableViewController.h; path = Views/FoodTypesListTableViewController.h; sourceTree = "<group>"; };
		F2FEE18417B81EF2007771CF /* FoodTypesListTableViewController.m */ = {isa = PBXFileReference; fileEncoding = 4; lastKnownFileType = sourcecode.c.objc; name = FoodTypesListTableViewController.m; path = Views/FoodTypesListTableViewController.m; sourceTree = "<group>"; };
/* End PBXFileReference section */

/* Begin PBXFrameworksBuildPhase section */
		F2FEE14117B80762007771CF /* Frameworks */ = {
			isa = PBXFrameworksBuildPhase;
			buildActionMask = 2147483647;
			files = (
				F240FDC5189441B10082C61C /* libxml2.dylib in Frameworks */,
				F2FEE14A17B80762007771CF /* CoreGraphics.framework in Frameworks */,
				F2FEE14C17B80762007771CF /* UIKit.framework in Frameworks */,
				F2FEE14817B80762007771CF /* Foundation.framework in Frameworks */,
			);
			runOnlyForDeploymentPostprocessing = 0;
		};
		F2FEE16517B80762007771CF /* Frameworks */ = {
			isa = PBXFrameworksBuildPhase;
			buildActionMask = 2147483647;
			files = (
				F2FEE16A17B80762007771CF /* XCTest.framework in Frameworks */,
				F2FEE16C17B80762007771CF /* UIKit.framework in Frameworks */,
				F2FEE16B17B80762007771CF /* Foundation.framework in Frameworks */,
			);
			runOnlyForDeploymentPostprocessing = 0;
		};
/* End PBXFrameworksBuildPhase section */

/* Begin PBXGroup section */
		F240FDBA189440A60082C61C /* Hpple */ = {
			isa = PBXGroup;
			children = (
				F240FDBB189440CA0082C61C /* TFHpple.h */,
				F240FDBC189440CA0082C61C /* TFHpple.m */,
				F240FDBD189440CA0082C61C /* TFHppleElement.h */,
				F240FDBE189440CA0082C61C /* TFHppleElement.m */,
				F240FDBF189440CA0082C61C /* XPathQuery.h */,
				F240FDC0189440CA0082C61C /* XPathQuery.m */,
			);
			name = Hpple;
			sourceTree = "<group>";
		};
		F25DF38C17C3F4C5000A27E6 /* Classes */ = {
			isa = PBXGroup;
			children = (
				F25DF38917C3F4BE000A27E6 /* Recipe.h */,
				F25DF38A17C3F4BE000A27E6 /* Recipe.m */,
				F25DF38D17C3F583000A27E6 /* Ingridient.h */,
				F25DF38E17C3F583000A27E6 /* Ingridient.m */,
				F2C47A4617CE712900A42C4B /* FoodType.h */,
				F2C47A4717CE712900A42C4B /* FoodType.m */,
				F22066A817DA6109004E4F72 /* FoodTypesDocument.h */,
				F22066A917DA6109004E4F72 /* FoodTypesDocument.m */,
				F2C3E79817EE13AE001B6BEB /* RecipeBook.h */,
				F2C3E79917EE13AE001B6BEB /* RecipeBook.m */,
				F292CC0F1815A69B0084276D /* Utilities.h */,
				F292CC101815A69B0084276D /* Utilities.m */,
				F2EF0ED21853D975004458F5 /* CloudManager.h */,
				F2EF0ED31853D975004458F5 /* CloudManager.m */,
				F27E1A801858FE8800B5C344 /* Backuper.h */,
				F27E1A811858FE8800B5C344 /* Backuper.m */,
			);
			name = Classes;
			sourceTree = "<group>";
		};
		F265AB78181EFF6B001B3EB8 /* Utilities */ = {
			isa = PBXGroup;
			children = (
				F283DD3E18A6BA040019F877 /* RecipeImporters */,
				F265AB79181EFF9D001B3EB8 /* StatusLabelAnimator.h */,
				F265AB7A181EFF9D001B3EB8 /* StatusLabelAnimator.m */,
				F240FDC6189443040082C61C /* RecipeWrapperProtocol.h */,
				F21EB6991894467500E6C385 /* RecipeHTMLParser.h */,
				F21EB69A1894467500E6C385 /* RecipeHTMLParser.m */,
				F21EB69C189447E900E6C385 /* VkusnyblogParser.h */,
				F21EB69D189447E900E6C385 /* VkusnyblogParser.m */,
				F291A8D51896FCC6003466CF /* AllRecipesParser.h */,
				F291A8D61896FCC6003466CF /* AllRecipesParser.m */,
			);
			name = Utilities;
			sourceTree = "<group>";
		};
		F283DD3E18A6BA040019F877 /* RecipeImporters */ = {
			isa = PBXGroup;
			children = (
				F283DD3F18A6BA2B0019F877 /* Say7InfoParser.h */,
				F283DD4018A6BA2C0019F877 /* Say7InfoParser.m */,
				F283DD4918A770370019F877 /* SimplyrecipesParser.h */,
				F283DD4A18A770370019F877 /* SimplyrecipesParser.m */,
			);
			name = RecipeImporters;
			sourceTree = "<group>";
		};
		F283DD4218A766A30019F877 /* Resources */ = {
			isa = PBXGroup;
			children = (
				F283DD4318A766D00019F877 /* backButton.png */,
				F283DD4418A766D00019F877 /* backButton@2x.png */,
			);
			name = Resources;
			sourceTree = "<group>";
		};
		F2FEE13B17B80762007771CF = {
			isa = PBXGroup;
			children = (
				F2FEE14D17B80762007771CF /* My Recipe Book */,
				F2FEE16F17B80762007771CF /* My Recipe BookTests */,
				F2FEE14617B80762007771CF /* Frameworks */,
				F2FEE14517B80762007771CF /* Products */,
			);
			sourceTree = "<group>";
		};
		F2FEE14517B80762007771CF /* Products */ = {
			isa = PBXGroup;
			children = (
				F2FEE14417B80762007771CF /* Book for Cook.app */,
				F2FEE16817B80762007771CF /* My Recipe BookTests.xctest */,
			);
			name = Products;
			sourceTree = "<group>";
		};
		F2FEE14617B80762007771CF /* Frameworks */ = {
			isa = PBXGroup;
			children = (
				F240FDC4189441B10082C61C /* libxml2.dylib */,
				F2FEE14717B80762007771CF /* Foundation.framework */,
				F2FEE14917B80762007771CF /* CoreGraphics.framework */,
				F2FEE14B17B80762007771CF /* UIKit.framework */,
				F2FEE16917B80762007771CF /* XCTest.framework */,
			);
			name = Frameworks;
			sourceTree = "<group>";
		};
		F2FEE14D17B80762007771CF /* My Recipe Book */ = {
			isa = PBXGroup;
			children = (
				F283DD4218A766A30019F877 /* Resources */,
				F240FDBA189440A60082C61C /* Hpple */,
				F2EF0ED11853217F004458F5 /* Book for Cook.entitlements */,
				F265AB78181EFF6B001B3EB8 /* Utilities */,
				F25DF38C17C3F4C5000A27E6 /* Classes */,
				F2FEE17F17B80D72007771CF /* Views */,
				F2FEE15617B80762007771CF /* RBAppDelegate.h */,
				F2FEE15717B80762007771CF /* RBAppDelegate.m */,
				F2FEE15917B80762007771CF /* Main_iPhone.storyboard */,
				F2FEE15C17B80762007771CF /* Main_iPad.storyboard */,
				F2FEE16217B80762007771CF /* Images.xcassets */,
				F2FEE14E17B80762007771CF /* Supporting Files */,
			);
			path = "My Recipe Book";
			sourceTree = "<group>";
		};
		F2FEE14E17B80762007771CF /* Supporting Files */ = {
			isa = PBXGroup;
			children = (
				F2FEE14F17B80762007771CF /* My Recipe Book-Info.plist */,
				F2FEE15017B80762007771CF /* InfoPlist.strings */,
				F2FEE15317B80762007771CF /* main.m */,
				F2FEE15517B80762007771CF /* My Recipe Book-Prefix.pch */,
				F24FE8F31814638800D54E96 /* Localizable.strings */,
			);
			name = "Supporting Files";
			sourceTree = "<group>";
		};
		F2FEE16F17B80762007771CF /* My Recipe BookTests */ = {
			isa = PBXGroup;
			children = (
				F2FEE17517B80762007771CF /* My_Recipe_BookTests.m */,
				F2FEE17017B80762007771CF /* Supporting Files */,
			);
			path = "My Recipe BookTests";
			sourceTree = "<group>";
		};
		F2FEE17017B80762007771CF /* Supporting Files */ = {
			isa = PBXGroup;
			children = (
				F2FEE17117B80762007771CF /* My Recipe BookTests-Info.plist */,
				F2FEE17217B80762007771CF /* InfoPlist.strings */,
			);
			name = "Supporting Files";
			sourceTree = "<group>";
		};
		F2FEE17F17B80D72007771CF /* Views */ = {
			isa = PBXGroup;
			children = (
				F2FEE18317B81EF2007771CF /* FoodTypesListTableViewController.h */,
				F2FEE18417B81EF2007771CF /* FoodTypesListTableViewController.m */,
				F2C47A4917CE7BDA00A42C4B /* RecipesListTableViewController.h */,
				F2C47A4A17CE7BDA00A42C4B /* RecipesListTableViewController.m */,
				F24899B717BC1874009AACF7 /* RecipeViewController.h */,
				F24899B817BC1874009AACF7 /* RecipeViewController.m */,
				F2C47A4C17CFD77800A42C4B /* IngridientsTableView.h */,
				F2C47A4D17CFD77800A42C4B /* IngridientsTableView.m */,
				F2D95D90188A6ECB0032E803 /* ActivityTableView.h */,
				F2D95D91188A6ECB0032E803 /* ActivityTableView.m */,
				F29CBAB9189581C50098BFB4 /* ImportWebViewController.h */,
				F29CBABA189581C50098BFB4 /* ImportWebViewController.m */,
			);
			name = Views;
			sourceTree = "<group>";
		};
/* End PBXGroup section */

/* Begin PBXNativeTarget section */
		F2FEE14317B80762007771CF /* My Recipe Book */ = {
			isa = PBXNativeTarget;
			buildConfigurationList = F2FEE17917B80762007771CF /* Build configuration list for PBXNativeTarget "My Recipe Book" */;
			buildPhases = (
				F2FEE14017B80762007771CF /* Sources */,
				F2FEE14117B80762007771CF /* Frameworks */,
				F2FEE14217B80762007771CF /* Resources */,
			);
			buildRules = (
			);
			dependencies = (
			);
			name = "My Recipe Book";
			productName = "My Recipe Book";
			productReference = F2FEE14417B80762007771CF /* Book for Cook.app */;
			productType = "com.apple.product-type.application";
		};
		F2FEE16717B80762007771CF /* My Recipe BookTests */ = {
			isa = PBXNativeTarget;
			buildConfigurationList = F2FEE17C17B80762007771CF /* Build configuration list for PBXNativeTarget "My Recipe BookTests" */;
			buildPhases = (
				F2FEE16417B80762007771CF /* Sources */,
				F2FEE16517B80762007771CF /* Frameworks */,
				F2FEE16617B80762007771CF /* Resources */,
			);
			buildRules = (
			);
			dependencies = (
				F2FEE16E17B80762007771CF /* PBXTargetDependency */,
			);
			name = "My Recipe BookTests";
			productName = "My Recipe BookTests";
			productReference = F2FEE16817B80762007771CF /* My Recipe BookTests.xctest */;
			productType = "com.apple.product-type.bundle.unit-test";
		};
/* End PBXNativeTarget section */

/* Begin PBXProject section */
		F2FEE13C17B80762007771CF /* Project object */ = {
			isa = PBXProject;
			attributes = {
				CLASSPREFIX = RB;
				LastUpgradeCheck = 0500;
				ORGANIZATIONNAME = "Dmytro Gladkyi";
				TargetAttributes = {
					F2FEE14317B80762007771CF = {
						DevelopmentTeam = 29UL2Y36R9;
						SystemCapabilities = {
							com.apple.iCloud = {
								enabled = 1;
							};
						};
					};
					F2FEE16717B80762007771CF = {
						TestTargetID = F2FEE14317B80762007771CF;
					};
				};
			};
			buildConfigurationList = F2FEE13F17B80762007771CF /* Build configuration list for PBXProject "My Recipe Book" */;
			compatibilityVersion = "Xcode 3.2";
			developmentRegion = English;
			hasScannedForEncodings = 0;
			knownRegions = (
				en,
				Base,
				ru,
			);
			mainGroup = F2FEE13B17B80762007771CF;
			productRefGroup = F2FEE14517B80762007771CF /* Products */;
			projectDirPath = "";
			projectRoot = "";
			targets = (
				F2FEE14317B80762007771CF /* My Recipe Book */,
				F2FEE16717B80762007771CF /* My Recipe BookTests */,
			);
		};
/* End PBXProject section */

/* Begin PBXResourcesBuildPhase section */
		F2FEE14217B80762007771CF /* Resources */ = {
			isa = PBXResourcesBuildPhase;
			buildActionMask = 2147483647;
			files = (
				F283DD4518A766D00019F877 /* backButton.png in Resources */,
				F24FE8F11814638800D54E96 /* Localizable.strings in Resources */,
				F2FEE15E17B80762007771CF /* Main_iPad.storyboard in Resources */,
				F2FEE16317B80762007771CF /* Images.xcassets in Resources */,
				F2FEE15B17B80762007771CF /* Main_iPhone.storyboard in Resources */,
				F283DD4618A766D00019F877 /* backButton@2x.png in Resources */,
				F2FEE15217B80762007771CF /* InfoPlist.strings in Resources */,
			);
			runOnlyForDeploymentPostprocessing = 0;
		};
		F2FEE16617B80762007771CF /* Resources */ = {
			isa = PBXResourcesBuildPhase;
			buildActionMask = 2147483647;
			files = (
				F2FEE17417B80762007771CF /* InfoPlist.strings in Resources */,
			);
			runOnlyForDeploymentPostprocessing = 0;
		};
/* End PBXResourcesBuildPhase section */

/* Begin PBXSourcesBuildPhase section */
		F2FEE14017B80762007771CF /* Sources */ = {
			isa = PBXSourcesBuildPhase;
			buildActionMask = 2147483647;
			files = (
				F2C3E79A17EE13AE001B6BEB /* RecipeBook.m in Sources */,
				F2FEE15817B80762007771CF /* RBAppDelegate.m in Sources */,
				F283DD4B18A770380019F877 /* SimplyrecipesParser.m in Sources */,
				F283DD4118A6BA2C0019F877 /* Say7InfoParser.m in Sources */,
				F2C47A4817CE712900A42C4B /* FoodType.m in Sources */,
				F22066AA17DA6109004E4F72 /* FoodTypesDocument.m in Sources */,
				F25DF38B17C3F4BE000A27E6 /* Recipe.m in Sources */,
				F2FEE18517B81EF2007771CF /* FoodTypesListTableViewController.m in Sources */,
				F240FDC2189440CA0082C61C /* TFHppleElement.m in Sources */,
				F24899B917BC1874009AACF7 /* RecipeViewController.m in Sources */,
				F25DF38F17C3F583000A27E6 /* Ingridient.m in Sources */,
				F27E1A821858FE8800B5C344 /* Backuper.m in Sources */,
				F29CBABB189581C50098BFB4 /* ImportWebViewController.m in Sources */,
				F2C47A4E17CFD77800A42C4B /* IngridientsTableView.m in Sources */,
				F2EF0ED41853D975004458F5 /* CloudManager.m in Sources */,
				F291A8D71896FCC6003466CF /* AllRecipesParser.m in Sources */,
				F240FDC1189440CA0082C61C /* TFHpple.m in Sources */,
				F240FDC3189440CA0082C61C /* XPathQuery.m in Sources */,
				F2FEE15417B80762007771CF /* main.m in Sources */,
				F2C47A4B17CE7BDA00A42C4B /* RecipesListTableViewController.m in Sources */,
				F265AB7B181EFF9D001B3EB8 /* StatusLabelAnimator.m in Sources */,
				F21EB69E189447E900E6C385 /* VkusnyblogParser.m in Sources */,
				F2D95D92188A6ECB0032E803 /* ActivityTableView.m in Sources */,
				F292CC111815A69B0084276D /* Utilities.m in Sources */,
				F21EB69B1894467500E6C385 /* RecipeHTMLParser.m in Sources */,
			);
			runOnlyForDeploymentPostprocessing = 0;
		};
		F2FEE16417B80762007771CF /* Sources */ = {
			isa = PBXSourcesBuildPhase;
			buildActionMask = 2147483647;
			files = (
				F2FEE17617B80762007771CF /* My_Recipe_BookTests.m in Sources */,
			);
			runOnlyForDeploymentPostprocessing = 0;
		};
/* End PBXSourcesBuildPhase section */

/* Begin PBXTargetDependency section */
		F2FEE16E17B80762007771CF /* PBXTargetDependency */ = {
			isa = PBXTargetDependency;
			target = F2FEE14317B80762007771CF /* My Recipe Book */;
			targetProxy = F2FEE16D17B80762007771CF /* PBXContainerItemProxy */;
		};
/* End PBXTargetDependency section */

/* Begin PBXVariantGroup section */
		F24FE8F31814638800D54E96 /* Localizable.strings */ = {
			isa = PBXVariantGroup;
			children = (
				F24FE8F21814638800D54E96 /* Base */,
				F24FE8F41814638C00D54E96 /* ru */,
			);
			name = Localizable.strings;
			sourceTree = "<group>";
		};
		F2FEE15017B80762007771CF /* InfoPlist.strings */ = {
			isa = PBXVariantGroup;
			children = (
				F2FEE15117B80762007771CF /* en */,
				F24FE8E91814604500D54E96 /* ru */,
			);
			name = InfoPlist.strings;
			sourceTree = "<group>";
		};
		F2FEE15917B80762007771CF /* Main_iPhone.storyboard */ = {
			isa = PBXVariantGroup;
			children = (
				F2FEE15A17B80762007771CF /* Base */,
				F24899B317BC0CFD009AACF7 /* en */,
				F26524FC18144B4E00F6F744 /* ru */,
			);
			name = Main_iPhone.storyboard;
			sourceTree = "<group>";
		};
		F2FEE15C17B80762007771CF /* Main_iPad.storyboard */ = {
			isa = PBXVariantGroup;
			children = (
				F2FEE15D17B80762007771CF /* Base */,
				F26524FD18144B4E00F6F744 /* ru */,
			);
			name = Main_iPad.storyboard;
			sourceTree = "<group>";
		};
		F2FEE17217B80762007771CF /* InfoPlist.strings */ = {
			isa = PBXVariantGroup;
			children = (
				F2FEE17317B80762007771CF /* en */,
			);
			name = InfoPlist.strings;
			sourceTree = "<group>";
		};
/* End PBXVariantGroup section */

/* Begin XCBuildConfiguration section */
		F2FEE17717B80762007771CF /* Debug */ = {
			isa = XCBuildConfiguration;
			buildSettings = {
				ALWAYS_SEARCH_USER_PATHS = NO;
				CLANG_CXX_LANGUAGE_STANDARD = "gnu++0x";
				CLANG_CXX_LIBRARY = "libc++";
				CLANG_ENABLE_MODULES = YES;
				CLANG_ENABLE_OBJC_ARC = YES;
				CLANG_WARN_BOOL_CONVERSION = YES;
				CLANG_WARN_CONSTANT_CONVERSION = YES;
				CLANG_WARN_DIRECT_OBJC_ISA_USAGE = YES_ERROR;
				CLANG_WARN_EMPTY_BODY = YES;
				CLANG_WARN_ENUM_CONVERSION = YES;
				CLANG_WARN_INT_CONVERSION = YES;
				CLANG_WARN_OBJC_ROOT_CLASS = YES_ERROR;
				CLANG_WARN__DUPLICATE_METHOD_MATCH = YES;
				CODE_SIGN_IDENTITY = "iPhone Developer";
				"CODE_SIGN_IDENTITY[sdk=iphoneos*]" = "iPhone Developer: Dmytro Gladkyi (ZZRDAH7X39)";
				COPY_PHASE_STRIP = NO;
				GCC_C_LANGUAGE_STANDARD = gnu99;
				GCC_DYNAMIC_NO_PIC = NO;
				GCC_OPTIMIZATION_LEVEL = 0;
				GCC_PREPROCESSOR_DEFINITIONS = (
					"DEBUG=1",
					"$(inherited)",
				);
				GCC_SYMBOLS_PRIVATE_EXTERN = NO;
				GCC_WARN_ABOUT_RETURN_TYPE = YES_ERROR;
				GCC_WARN_UNDECLARED_SELECTOR = YES;
				GCC_WARN_UNINITIALIZED_AUTOS = YES;
				GCC_WARN_UNUSED_FUNCTION = YES;
				GCC_WARN_UNUSED_VARIABLE = YES;
				IPHONEOS_DEPLOYMENT_TARGET = 7.0;
				ONLY_ACTIVE_ARCH = YES;
				SDKROOT = iphoneos;
				TARGETED_DEVICE_FAMILY = "1,2";
			};
			name = Debug;
		};
		F2FEE17817B80762007771CF /* Release */ = {
			isa = XCBuildConfiguration;
			buildSettings = {
				ALWAYS_SEARCH_USER_PATHS = NO;
				CLANG_CXX_LANGUAGE_STANDARD = "gnu++0x";
				CLANG_CXX_LIBRARY = "libc++";
				CLANG_ENABLE_MODULES = YES;
				CLANG_ENABLE_OBJC_ARC = YES;
				CLANG_WARN_BOOL_CONVERSION = YES;
				CLANG_WARN_CONSTANT_CONVERSION = YES;
				CLANG_WARN_DIRECT_OBJC_ISA_USAGE = YES_ERROR;
				CLANG_WARN_EMPTY_BODY = YES;
				CLANG_WARN_ENUM_CONVERSION = YES;
				CLANG_WARN_INT_CONVERSION = YES;
				CLANG_WARN_OBJC_ROOT_CLASS = YES_ERROR;
				CLANG_WARN__DUPLICATE_METHOD_MATCH = YES;
				CODE_SIGN_IDENTITY = "iPhone Distribution";
				"CODE_SIGN_IDENTITY[sdk=iphoneos*]" = "iPhone Distribution: Dmytro Gladkyi (29UL2Y36R9)";
				COPY_PHASE_STRIP = YES;
				ENABLE_NS_ASSERTIONS = NO;
				GCC_C_LANGUAGE_STANDARD = gnu99;
				GCC_WARN_ABOUT_RETURN_TYPE = YES_ERROR;
				GCC_WARN_UNDECLARED_SELECTOR = YES;
				GCC_WARN_UNINITIALIZED_AUTOS = YES;
				GCC_WARN_UNUSED_FUNCTION = YES;
				GCC_WARN_UNUSED_VARIABLE = YES;
				IPHONEOS_DEPLOYMENT_TARGET = 7.0;
				SDKROOT = iphoneos;
				TARGETED_DEVICE_FAMILY = "1,2";
				VALIDATE_PRODUCT = YES;
			};
			name = Release;
		};
		F2FEE17A17B80762007771CF /* Debug */ = {
			isa = XCBuildConfiguration;
			buildSettings = {
				ASSETCATALOG_COMPILER_APPICON_NAME = AppIcon;
				ASSETCATALOG_COMPILER_LAUNCHIMAGE_NAME = LaunchImage;
				CODE_SIGN_ENTITLEMENTS = "My Recipe Book/Book for Cook.entitlements";
				CODE_SIGN_IDENTITY = "iPhone Developer";
				"CODE_SIGN_IDENTITY[sdk=iphoneos*]" = "iPhone Developer: Dmytro Gladkyi (ZZRDAH7X39)";
				GCC_PRECOMPILE_PREFIX_HEADER = YES;
				GCC_PREFIX_HEADER = "My Recipe Book/My Recipe Book-Prefix.pch";
				HEADER_SEARCH_PATHS = (
					"$(inherited)",
					/Applications/Xcode.app/Contents/Developer/Toolchains/XcodeDefault.xctoolchain/usr/include,
					"$(SDKROOT)/usr/include/libxml2",
				);
				INFOPLIST_FILE = "My Recipe Book/My Recipe Book-Info.plist";
				IPHONEOS_DEPLOYMENT_TARGET = 6.1;
				PRODUCT_NAME = "Book for Cook";
				PROVISIONING_PROFILE = "";
				TARGETED_DEVICE_FAMILY = 1;
				WRAPPER_EXTENSION = app;
			};
			name = Debug;
		};
		F2FEE17B17B80762007771CF /* Release */ = {
			isa = XCBuildConfiguration;
			buildSettings = {
				ASSETCATALOG_COMPILER_APPICON_NAME = AppIcon;
				ASSETCATALOG_COMPILER_LAUNCHIMAGE_NAME = LaunchImage;
				CODE_SIGN_ENTITLEMENTS = "My Recipe Book/Book for Cook.entitlements";
				CODE_SIGN_IDENTITY = "iPhone Developer";
				"CODE_SIGN_IDENTITY[sdk=iphoneos*]" = "iPhone Developer";
				GCC_PRECOMPILE_PREFIX_HEADER = YES;
				GCC_PREFIX_HEADER = "My Recipe Book/My Recipe Book-Prefix.pch";
				HEADER_SEARCH_PATHS = (
					"$(inherited)",
					/Applications/Xcode.app/Contents/Developer/Toolchains/XcodeDefault.xctoolchain/usr/include,
					"$(SDKROOT)/usr/include/libxml2",
				);
				INFOPLIST_FILE = "My Recipe Book/My Recipe Book-Info.plist";
				IPHONEOS_DEPLOYMENT_TARGET = 6.1;
				PRODUCT_NAME = "Book for Cook";
				PROVISIONING_PROFILE = "";
				TARGETED_DEVICE_FAMILY = 1;
				WRAPPER_EXTENSION = app;
			};
			name = Release;
		};
		F2FEE17D17B80762007771CF /* Debug */ = {
			isa = XCBuildConfiguration;
			buildSettings = {
				BUNDLE_LOADER = "$(BUILT_PRODUCTS_DIR)/My Recipe Book.app/My Recipe Book";
				FRAMEWORK_SEARCH_PATHS = (
					"$(SDKROOT)/Developer/Library/Frameworks",
					"$(inherited)",
					"$(DEVELOPER_FRAMEWORKS_DIR)",
				);
				GCC_PRECOMPILE_PREFIX_HEADER = YES;
				GCC_PREFIX_HEADER = "My Recipe Book/My Recipe Book-Prefix.pch";
				GCC_PREPROCESSOR_DEFINITIONS = (
					"DEBUG=1",
					"$(inherited)",
				);
				INFOPLIST_FILE = "My Recipe BookTests/My Recipe BookTests-Info.plist";
				PRODUCT_NAME = "$(TARGET_NAME)";
				TEST_HOST = "$(BUNDLE_LOADER)";
				WRAPPER_EXTENSION = xctest;
			};
			name = Debug;
		};
		F2FEE17E17B80762007771CF /* Release */ = {
			isa = XCBuildConfiguration;
			buildSettings = {
				BUNDLE_LOADER = "$(BUILT_PRODUCTS_DIR)/My Recipe Book.app/My Recipe Book";
				FRAMEWORK_SEARCH_PATHS = (
					"$(SDKROOT)/Developer/Library/Frameworks",
					"$(inherited)",
					"$(DEVELOPER_FRAMEWORKS_DIR)",
				);
				GCC_PRECOMPILE_PREFIX_HEADER = YES;
				GCC_PREFIX_HEADER = "My Recipe Book/My Recipe Book-Prefix.pch";
				INFOPLIST_FILE = "My Recipe BookTests/My Recipe BookTests-Info.plist";
				PRODUCT_NAME = "$(TARGET_NAME)";
				TEST_HOST = "$(BUNDLE_LOADER)";
				WRAPPER_EXTENSION = xctest;
			};
			name = Release;
		};
/* End XCBuildConfiguration section */

/* Begin XCConfigurationList section */
		F2FEE13F17B80762007771CF /* Build configuration list for PBXProject "My Recipe Book" */ = {
			isa = XCConfigurationList;
			buildConfigurations = (
				F2FEE17717B80762007771CF /* Debug */,
				F2FEE17817B80762007771CF /* Release */,
			);
			defaultConfigurationIsVisible = 0;
			defaultConfigurationName = Release;
		};
		F2FEE17917B80762007771CF /* Build configuration list for PBXNativeTarget "My Recipe Book" */ = {
			isa = XCConfigurationList;
			buildConfigurations = (
				F2FEE17A17B80762007771CF /* Debug */,
				F2FEE17B17B80762007771CF /* Release */,
			);
			defaultConfigurationIsVisible = 0;
			defaultConfigurationName = Release;
		};
		F2FEE17C17B80762007771CF /* Build configuration list for PBXNativeTarget "My Recipe BookTests" */ = {
			isa = XCConfigurationList;
			buildConfigurations = (
				F2FEE17D17B80762007771CF /* Debug */,
				F2FEE17E17B80762007771CF /* Release */,
			);
			defaultConfigurationIsVisible = 0;
			defaultConfigurationName = Release;
		};
/* End XCConfigurationList section */
	};
	rootObject = F2FEE13C17B80762007771CF /* Project object */;
}
